%{"comeonin": {:hex, :comeonin, "2.6.0", "74c288338b33205f9ce97e2117bb9a2aaab103a1811d243443d76fdb62f904ac", [:make, :mix], [], "hexpm"},
  "connection": {:hex, :connection, "1.0.4", "a1cae72211f0eef17705aaededacac3eb30e6625b04a6117c1b2db6ace7d5976", [:mix], [], "hexpm"},
  "cowboy": {:hex, :cowboy, "1.1.2", "61ac29ea970389a88eca5a65601460162d370a70018afe6f949a29dca91f3bb0", [:rebar3], [{:cowlib, "~> 1.0.2", [hex: :cowlib, repo: "hexpm", optional: false]}, {:ranch, "~> 1.3.2", [hex: :ranch, repo: "hexpm", optional: false]}], "hexpm"},
  "cowlib": {:hex, :cowlib, "1.0.2", "9d769a1d062c9c3ac753096f868ca121e2730b9a377de23dec0f7e08b1df84ee", [:make], [], "hexpm"},
  "db_connection": {:hex, :db_connection, "1.1.3", "89b30ca1ef0a3b469b1c779579590688561d586694a3ce8792985d4d7e575a61", [:mix], [{:connection, "~> 1.0.2", [hex: :connection, repo: "hexpm", optional: false]}, {:poolboy, "~> 1.5", [hex: :poolboy, repo: "hexpm", optional: true]}, {:sbroker, "~> 1.0", [hex: :sbroker, repo: "hexpm", optional: true]}], "hexpm"},
  "decimal": {:hex, :decimal, "1.5.0", "b0433a36d0e2430e3d50291b1c65f53c37d56f83665b43d79963684865beab68", [:mix], [], "hexpm"},
  "ecto": {:hex, :ecto, "1.1.9", "6f30e4662d540c794048e62a04926c1d3c892a2ba4704fe1e19d4a9b5b2f881e", [:mix], [{:decimal, "~> 1.0", [hex: :decimal, repo: "hexpm", optional: false]}, {:mariaex, "~> 0.5.0 or ~> 0.6.0", [hex: :mariaex, repo: "hexpm", optional: true]}, {:poison, "~> 1.0 or ~> 2.0", [hex: :poison, repo: "hexpm", optional: true]}, {:poolboy, "~> 1.4", [hex: :poolboy, repo: "hexpm", optional: false]}, {:postgrex, "~> 0.11.0", [hex: :postgrex, repo: "hexpm", optional: true]}, {:sbroker, "~> 0.7", [hex: :sbroker, repo: "hexpm", optional: true]}], "hexpm"},
  "file_system": {:hex, :file_system, "0.2.4", "f0bdda195c0e46e987333e986452ec523aed21d784189144f647c43eaf307064", [:mix], [], "hexpm"},
  "gettext": {:hex, :gettext, "0.15.0", "40a2b8ce33a80ced7727e36768499fc9286881c43ebafccae6bab731e2b2b8ce", [:mix], [], "hexpm"},
  "phoenix": {:hex, :phoenix, "1.1.9", "47bfabd6820135fa32280f169e742c5bd69b9d88417dc03979a7e37459b5de5f", [:mix], [{:cowboy, "~> 1.0", [hex: :cowboy, repo: "hexpm", optional: true]}, {:plug, "~> 1.0.5", [hex: :plug, repo: "hexpm", optional: false]}, {:poison, "~> 1.5 or ~> 2.0", [hex: :poison, repo: "hexpm", optional: false]}], "hexpm"},
  "phoenix_ecto": {:hex, :phoenix_ecto, "2.0.3", "237fdaeeb0d6b5a2970a57e413f6f88e563e6539303d1da1852c4e4dfae6d294", [:mix], [{:ecto, "~> 1.1.2", [hex: :ecto, repo: "hexpm", optional: false]}, {:phoenix_html, "~> 2.2.0 or ~> 2.3.0 or ~> 2.4.0 or ~> 2.5.0 or ~> 2.6.0", [hex: :phoenix_html, repo: "hexpm", optional: true]}, {:poison, "~> 1.3 or ~> 2.0", [hex: :poison, repo: "hexpm", optional: true]}], "hexpm"},
  "phoenix_html": {:hex, :phoenix_html, "2.6.2", "944a5e581b0d899e4f4c838a69503ebd05300fe35ba228a74439e6253e10e0c0", [:mix], [{:plug, "~> 1.0", [hex: :plug, repo: "hexpm", optional: false]}], "hexpm"},
  "phoenix_live_reload": {:hex, :phoenix_live_reload, "1.1.3", "1d178429fc8950b12457d09c6afec247bfe1fcb6f36209e18fbb0221bdfe4d41", [:mix], [{:file_system, "~> 0.2.1 or ~> 0.3", [hex: :file_system, repo: "hexpm", optional: false]}, {:phoenix, "~> 1.0 or ~> 1.2 or ~> 1.3", [hex: :phoenix, repo: "hexpm", optional: false]}], "hexpm"},
  "plug": {:hex, :plug, "1.0.6", "d6e7cffdb364ffbdd37042631a4f6658c1a4c4eb1065797536a74c43656c8549", [:mix], [{:cowboy, "~> 1.0", [hex: :cowboy, repo: "hexpm", optional: true]}], "hexpm"},
  "poison": {:hex, :poison, "2.2.0", "4763b69a8a77bd77d26f477d196428b741261a761257ff1cf92753a0d4d24a63", [:mix], [], "hexpm"},
  "poolboy": {:hex, :poolboy, "1.5.1", "6b46163901cfd0a1b43d692657ed9d7e599853b3b21b95ae5ae0a777cf9b6ca8", [:rebar], [], "hexpm"},
  "postgrex": {:hex, :postgrex, "0.11.2", "139755c1359d3c5c6d6e8b1ea72556d39e2746f61c6ddfb442813c91f53487e8", [:mix], [{:connection, "~> 1.0", [hex: :connection, repo: "hexpm", optional: false]}, {:db_connection, "~> 1.0-rc", [hex: :db_connection, repo: "hexpm", optional: false]}, {:decimal, "~> 1.0", [hex: :decimal, repo: "hexpm", optional: false]}], "hexpm"},
  "ranch": {:hex, :ranch, "1.3.2", "e4965a144dc9fbe70e5c077c65e73c57165416a901bd02ea899cfd95aa890986", [:rebar3], [], "hexpm"}}
